
Microsoft Visual Studio Solution File, Format Version 12.00
# Visual Studio Version 17
VisualStudioVersion = 17.0.31903.59
MinimumVisualStudioVersion = 10.0.40219.1
Project("{2150E333-8FDC-42A3-9474-1A3956D46DE8}") = "src", "src", "{827E0CD3-B72D-47B6-A68D-7590B98EB39B}"
EndProject
Project("{FAE04EC0-301F-11D3-BF4B-00C04F79EFBC}") = "MCPDemo.Domain", "src\MCPDemo.Domain\MCPDemo.Domain.csproj", "{71AD0923-16CB-487B-8852-CF668C66FAE4}"
EndProject
Project("{FAE04EC0-301F-11D3-BF4B-00C04F79EFBC}") = "MCPDemo.Shared", "src\MCPDemo.Shared\MCPDemo.Shared.csproj", "{B29FEA9F-C3E1-4F5E-8C9A-5A4C8E80BCEC}"
EndProject
Project("{FAE04EC0-301F-11D3-BF4B-00C04F79EFBC}") = "MCPDemo.Application", "src\MCPDemo.Application\MCPDemo.Application.csproj", "{24D4239C-6DE6-4455-BA7D-ACA78FA680BE}"
EndProject
Project("{FAE04EC0-301F-11D3-BF4B-00C04F79EFBC}") = "MCPDemo.Infrastructure", "src\MCPDemo.Infrastructure\MCPDemo.Infrastructure.csproj", "{FF80AC4A-44E8-4F76-B05D-1FFBD321BF10}"
EndProject
Project("{FAE04EC0-301F-11D3-BF4B-00C04F79EFBC}") = "MCPDemo.Api", "src\MCPDemo.Api\MCPDemo.Api.csproj", "{A13739FB-C3BA-4B08-8253-485AFDD90739}"
EndProject
Project("{2150E333-8FDC-42A3-9474-1A3956D46DE8}") = "tests", "tests", "{0AB3BF05-4346-4AA6-1389-037BE0695223}"
EndProject
Project("{FAE04EC0-301F-11D3-BF4B-00C04F79EFBC}") = "MCPDemo.Application.Tests", "tests\MCPDemo.Application.Tests\MCPDemo.Application.Tests.csproj", "{5E90F75F-51DE-416A-9013-E9ACB4E6C56A}"
EndProject
Project("{FAE04EC0-301F-11D3-BF4B-00C04F79EFBC}") = "MCPDemo.Infrastructure.Tests", "tests\MCPDemo.Infrastructure.Tests\MCPDemo.Infrastructure.Tests.csproj", "{AC6A218B-00CD-4FC6-9A1D-26AA34FFD8E8}"
EndProject
Project("{FAE04EC0-301F-11D3-BF4B-00C04F79EFBC}") = "MCPDemo.Integration.Tests", "tests\MCPDemo.Integration.Tests\MCPDemo.Integration.Tests.csproj", "{207E7D10-6187-47A4-899C-7F05784D606E}"
EndProject
Global
	GlobalSection(SolutionConfigurationPlatforms) = preSolution
		Debug|Any CPU = Debug|Any CPU
		Debug|x64 = Debug|x64
		Debug|x86 = Debug|x86
		Release|Any CPU = Release|Any CPU
		Release|x64 = Release|x64
		Release|x86 = Release|x86
	EndGlobalSection
	GlobalSection(ProjectConfigurationPlatforms) = postSolution
		{71AD0923-16CB-487B-8852-CF668C66FAE4}.Debug|Any CPU.ActiveCfg = Debug|Any CPU
		{71AD0923-16CB-487B-8852-CF668C66FAE4}.Debug|Any CPU.Build.0 = Debug|Any CPU
		{71AD0923-16CB-487B-8852-CF668C66FAE4}.Debug|x64.ActiveCfg = Debug|Any CPU
		{71AD0923-16CB-487B-8852-CF668C66FAE4}.Debug|x64.Build.0 = Debug|Any CPU
		{71AD0923-16CB-487B-8852-CF668C66FAE4}.Debug|x86.ActiveCfg = Debug|Any CPU
		{71AD0923-16CB-487B-8852-CF668C66FAE4}.Debug|x86.Build.0 = Debug|Any CPU
		{71AD0923-16CB-487B-8852-CF668C66FAE4}.Release|Any CPU.ActiveCfg = Release|Any CPU
		{71AD0923-16CB-487B-8852-CF668C66FAE4}.Release|Any CPU.Build.0 = Release|Any CPU
		{71AD0923-16CB-487B-8852-CF668C66FAE4}.Release|x64.ActiveCfg = Release|Any CPU
		{71AD0923-16CB-487B-8852-CF668C66FAE4}.Release|x64.Build.0 = Release|Any CPU
		{71AD0923-16CB-487B-8852-CF668C66FAE4}.Release|x86.ActiveCfg = Release|Any CPU
		{71AD0923-16CB-487B-8852-CF668C66FAE4}.Release|x86.Build.0 = Release|Any CPU
		{B29FEA9F-C3E1-4F5E-8C9A-5A4C8E80BCEC}.Debug|Any CPU.ActiveCfg = Debug|Any CPU
		{B29FEA9F-C3E1-4F5E-8C9A-5A4C8E80BCEC}.Debug|Any CPU.Build.0 = Debug|Any CPU
		{B29FEA9F-C3E1-4F5E-8C9A-5A4C8E80BCEC}.Debug|x64.ActiveCfg = Debug|Any CPU
		{B29FEA9F-C3E1-4F5E-8C9A-5A4C8E80BCEC}.Debug|x64.Build.0 = Debug|Any CPU
		{B29FEA9F-C3E1-4F5E-8C9A-5A4C8E80BCEC}.Debug|x86.ActiveCfg = Debug|Any CPU
		{B29FEA9F-C3E1-4F5E-8C9A-5A4C8E80BCEC}.Debug|x86.Build.0 = Debug|Any CPU
		{B29FEA9F-C3E1-4F5E-8C9A-5A4C8E80BCEC}.Release|Any CPU.ActiveCfg = Release|Any CPU
		{B29FEA9F-C3E1-4F5E-8C9A-5A4C8E80BCEC}.Release|Any CPU.Build.0 = Release|Any CPU
		{B29FEA9F-C3E1-4F5E-8C9A-5A4C8E80BCEC}.Release|x64.ActiveCfg = Release|Any CPU
		{B29FEA9F-C3E1-4F5E-8C9A-5A4C8E80BCEC}.Release|x64.Build.0 = Release|Any CPU
		{B29FEA9F-C3E1-4F5E-8C9A-5A4C8E80BCEC}.Release|x86.ActiveCfg = Release|Any CPU
		{B29FEA9F-C3E1-4F5E-8C9A-5A4C8E80BCEC}.Release|x86.Build.0 = Release|Any CPU
		{24D4239C-6DE6-4455-BA7D-ACA78FA680BE}.Debug|Any CPU.ActiveCfg = Debug|Any CPU
		{24D4239C-6DE6-4455-BA7D-ACA78FA680BE}.Debug|Any CPU.Build.0 = Debug|Any CPU
		{24D4239C-6DE6-4455-BA7D-ACA78FA680BE}.Debug|x64.ActiveCfg = Debug|Any CPU
		{24D4239C-6DE6-4455-BA7D-ACA78FA680BE}.Debug|x64.Build.0 = Debug|Any CPU
		{24D4239C-6DE6-4455-BA7D-ACA78FA680BE}.Debug|x86.ActiveCfg = Debug|Any CPU
		{24D4239C-6DE6-4455-BA7D-ACA78FA680BE}.Debug|x86.Build.0 = Debug|Any CPU
		{24D4239C-6DE6-4455-BA7D-ACA78FA680BE}.Release|Any CPU.ActiveCfg = Release|Any CPU
		{24D4239C-6DE6-4455-BA7D-ACA78FA680BE}.Release|Any CPU.Build.0 = Release|Any CPU
		{24D4239C-6DE6-4455-BA7D-ACA78FA680BE}.Release|x64.ActiveCfg = Release|Any CPU
		{24D4239C-6DE6-4455-BA7D-ACA78FA680BE}.Release|x64.Build.0 = Release|Any CPU
		{24D4239C-6DE6-4455-BA7D-ACA78FA680BE}.Release|x86.ActiveCfg = Release|Any CPU
		{24D4239C-6DE6-4455-BA7D-ACA78FA680BE}.Release|x86.Build.0 = Release|Any CPU
		{FF80AC4A-44E8-4F76-B05D-1FFBD321BF10}.Debug|Any CPU.ActiveCfg = Debug|Any CPU
		{FF80AC4A-44E8-4F76-B05D-1FFBD321BF10}.Debug|Any CPU.Build.0 = Debug|Any CPU
		{FF80AC4A-44E8-4F76-B05D-1FFBD321BF10}.Debug|x64.ActiveCfg = Debug|Any CPU
		{FF80AC4A-44E8-4F76-B05D-1FFBD321BF10}.Debug|x64.Build.0 = Debug|Any CPU
		{FF80AC4A-44E8-4F76-B05D-1FFBD321BF10}.Debug|x86.ActiveCfg = Debug|Any CPU
		{FF80AC4A-44E8-4F76-B05D-1FFBD321BF10}.Debug|x86.Build.0 = Debug|Any CPU
		{FF80AC4A-44E8-4F76-B05D-1FFBD321BF10}.Release|Any CPU.ActiveCfg = Release|Any CPU
		{FF80AC4A-44E8-4F76-B05D-1FFBD321BF10}.Release|Any CPU.Build.0 = Release|Any CPU
		{FF80AC4A-44E8-4F76-B05D-1FFBD321BF10}.Release|x64.ActiveCfg = Release|Any CPU
		{FF80AC4A-44E8-4F76-B05D-1FFBD321BF10}.Release|x64.Build.0 = Release|Any CPU
		{FF80AC4A-44E8-4F76-B05D-1FFBD321BF10}.Release|x86.ActiveCfg = Release|Any CPU
		{FF80AC4A-44E8-4F76-B05D-1FFBD321BF10}.Release|x86.Build.0 = Release|Any CPU
		{A13739FB-C3BA-4B08-8253-485AFDD90739}.Debug|Any CPU.ActiveCfg = Debug|Any CPU
		{A13739FB-C3BA-4B08-8253-485AFDD90739}.Debug|Any CPU.Build.0 = Debug|Any CPU
		{A13739FB-C3BA-4B08-8253-485AFDD90739}.Debug|x64.ActiveCfg = Debug|Any CPU
		{A13739FB-C3BA-4B08-8253-485AFDD90739}.Debug|x64.Build.0 = Debug|Any CPU
		{A13739FB-C3BA-4B08-8253-485AFDD90739}.Debug|x86.ActiveCfg = Debug|Any CPU
		{A13739FB-C3BA-4B08-8253-485AFDD90739}.Debug|x86.Build.0 = Debug|Any CPU
		{A13739FB-C3BA-4B08-8253-485AFDD90739}.Release|Any CPU.ActiveCfg = Release|Any CPU
		{A13739FB-C3BA-4B08-8253-485AFDD90739}.Release|Any CPU.Build.0 = Release|Any CPU
		{A13739FB-C3BA-4B08-8253-485AFDD90739}.Release|x64.ActiveCfg = Release|Any CPU
		{A13739FB-C3BA-4B08-8253-485AFDD90739}.Release|x64.Build.0 = Release|Any CPU
		{A13739FB-C3BA-4B08-8253-485AFDD90739}.Release|x86.ActiveCfg = Release|Any CPU
		{A13739FB-C3BA-4B08-8253-485AFDD90739}.Release|x86.Build.0 = Release|Any CPU
		{5E90F75F-51DE-416A-9013-E9ACB4E6C56A}.Debug|Any CPU.ActiveCfg = Debug|Any CPU
		{5E90F75F-51DE-416A-9013-E9ACB4E6C56A}.Debug|Any CPU.Build.0 = Debug|Any CPU
		{5E90F75F-51DE-416A-9013-E9ACB4E6C56A}.Debug|x64.ActiveCfg = Debug|Any CPU
		{5E90F75F-51DE-416A-9013-E9ACB4E6C56A}.Debug|x64.Build.0 = Debug|Any CPU
		{5E90F75F-51DE-416A-9013-E9ACB4E6C56A}.Debug|x86.ActiveCfg = Debug|Any CPU
		{5E90F75F-51DE-416A-9013-E9ACB4E6C56A}.Debug|x86.Build.0 = Debug|Any CPU
		{5E90F75F-51DE-416A-9013-E9ACB4E6C56A}.Release|Any CPU.ActiveCfg = Release|Any CPU
		{5E90F75F-51DE-416A-9013-E9ACB4E6C56A}.Release|Any CPU.Build.0 = Release|Any CPU
		{5E90F75F-51DE-416A-9013-E9ACB4E6C56A}.Release|x64.ActiveCfg = Release|Any CPU
		{5E90F75F-51DE-416A-9013-E9ACB4E6C56A}.Release|x64.Build.0 = Release|Any CPU
		{5E90F75F-51DE-416A-9013-E9ACB4E6C56A}.Release|x86.ActiveCfg = Release|Any CPU
		{5E90F75F-51DE-416A-9013-E9ACB4E6C56A}.Release|x86.Build.0 = Release|Any CPU
		{AC6A218B-00CD-4FC6-9A1D-26AA34FFD8E8}.Debug|Any CPU.ActiveCfg = Debug|Any CPU
		{AC6A218B-00CD-4FC6-9A1D-26AA34FFD8E8}.Debug|Any CPU.Build.0 = Debug|Any CPU
		{AC6A218B-00CD-4FC6-9A1D-26AA34FFD8E8}.Debug|x64.ActiveCfg = Debug|Any CPU
		{AC6A218B-00CD-4FC6-9A1D-26AA34FFD8E8}.Debug|x64.Build.0 = Debug|Any CPU
		{AC6A218B-00CD-4FC6-9A1D-26AA34FFD8E8}.Debug|x86.ActiveCfg = Debug|Any CPU
		{AC6A218B-00CD-4FC6-9A1D-26AA34FFD8E8}.Debug|x86.Build.0 = Debug|Any CPU
		{AC6A218B-00CD-4FC6-9A1D-26AA34FFD8E8}.Release|Any CPU.ActiveCfg = Release|Any CPU
		{AC6A218B-00CD-4FC6-9A1D-26AA34FFD8E8}.Release|Any CPU.Build.0 = Release|Any CPU
		{AC6A218B-00CD-4FC6-9A1D-26AA34FFD8E8}.Release|x64.ActiveCfg = Release|Any CPU
		{AC6A218B-00CD-4FC6-9A1D-26AA34FFD8E8}.Release|x64.Build.0 = Release|Any CPU
		{AC6A218B-00CD-4FC6-9A1D-26AA34FFD8E8}.Release|x86.ActiveCfg = Release|Any CPU
		{AC6A218B-00CD-4FC6-9A1D-26AA34FFD8E8}.Release|x86.Build.0 = Release|Any CPU
		{207E7D10-6187-47A4-899C-7F05784D606E}.Debug|Any CPU.ActiveCfg = Debug|Any CPU
		{207E7D10-6187-47A4-899C-7F05784D606E}.Debug|Any CPU.Build.0 = Debug|Any CPU
		{207E7D10-6187-47A4-899C-7F05784D606E}.Debug|x64.ActiveCfg = Debug|Any CPU
		{207E7D10-6187-47A4-899C-7F05784D606E}.Debug|x64.Build.0 = Debug|Any CPU
		{207E7D10-6187-47A4-899C-7F05784D606E}.Debug|x86.ActiveCfg = Debug|Any CPU
		{207E7D10-6187-47A4-899C-7F05784D606E}.Debug|x86.Build.0 = Debug|Any CPU
		{207E7D10-6187-47A4-899C-7F05784D606E}.Release|Any CPU.ActiveCfg = Release|Any CPU
		{207E7D10-6187-47A4-899C-7F05784D606E}.Release|Any CPU.Build.0 = Release|Any CPU
		{207E7D10-6187-47A4-899C-7F05784D606E}.Release|x64.ActiveCfg = Release|Any CPU
		{207E7D10-6187-47A4-899C-7F05784D606E}.Release|x64.Build.0 = Release|Any CPU
		{207E7D10-6187-47A4-899C-7F05784D606E}.Release|x86.ActiveCfg = Release|Any CPU
		{207E7D10-6187-47A4-899C-7F05784D606E}.Release|x86.Build.0 = Release|Any CPU
	EndGlobalSection
	GlobalSection(SolutionProperties) = preSolution
		HideSolutionNode = FALSE
	EndGlobalSection
	GlobalSection(NestedProjects) = preSolution
		{71AD0923-16CB-487B-8852-CF668C66FAE4} = {827E0CD3-B72D-47B6-A68D-7590B98EB39B}
		{B29FEA9F-C3E1-4F5E-8C9A-5A4C8E80BCEC} = {827E0CD3-B72D-47B6-A68D-7590B98EB39B}
		{24D4239C-6DE6-4455-BA7D-ACA78FA680BE} = {827E0CD3-B72D-47B6-A68D-7590B98EB39B}
		{FF80AC4A-44E8-4F76-B05D-1FFBD321BF10} = {827E0CD3-B72D-47B6-A68D-7590B98EB39B}
		{A13739FB-C3BA-4B08-8253-485AFDD90739} = {827E0CD3-B72D-47B6-A68D-7590B98EB39B}
		{5E90F75F-51DE-416A-9013-E9ACB4E6C56A} = {0AB3BF05-4346-4AA6-1389-037BE0695223}
		{AC6A218B-00CD-4FC6-9A1D-26AA34FFD8E8} = {0AB3BF05-4346-4AA6-1389-037BE0695223}
		{207E7D10-6187-47A4-899C-7F05784D606E} = {0AB3BF05-4346-4AA6-1389-037BE0695223}
	EndGlobalSection
EndGlobal
